// !$*UTF8*$!
{
	archiveVersion = 1;
	classes = {
	};
	objectVersion = 50;
	objects = {

/* Begin PBXBuildFile section */
		0964C321259651770097A78F /* ComplexCurvesVPNApp.swift in Sources */ = {isa = PBXBuildFile; fileRef = 0964C320259651770097A78F /* ComplexCurvesVPNApp.swift */; };
		0964C323259651770097A78F /* ContentView.swift in Sources */ = {isa = PBXBuildFile; fileRef = 0964C322259651770097A78F /* ContentView.swift */; };
		0964C325259651790097A78F /* Assets.xcassets in Resources */ = {isa = PBXBuildFile; fileRef = 0964C324259651790097A78F /* Assets.xcassets */; };
		0964C328259651790097A78F /* Preview Assets.xcassets in Resources */ = {isa = PBXBuildFile; fileRef = 0964C327259651790097A78F /* Preview Assets.xcassets */; };
		0964C334259652940097A78F /* Home.swift in Sources */ = {isa = PBXBuildFile; fileRef = 0964C333259652940097A78F /* Home.swift */; };
		0964C3382596A7A10097A78F /* CustomShape.swift in Sources */ = {isa = PBXBuildFile; fileRef = 0964C3372596A7A10097A78F /* CustomShape.swift */; };
		0964C33B2596AB8E0097A78F /* ServerViewModel.swift in Sources */ = {isa = PBXBuildFile; fileRef = 0964C33A2596AB8E0097A78F /* ServerViewModel.swift */; };
		0964C33E2596AC5D0097A78F /* Server.swift in Sources */ = {isa = PBXBuildFile; fileRef = 0964C33D2596AC5D0097A78F /* Server.swift */; };
		0964C3412596AF750097A78F /* CardView.swift in Sources */ = {isa = PBXBuildFile; fileRef = 0964C3402596AF750097A78F /* CardView.swift */; };
		0964C3442596B06E0097A78F /* BlurView.swift in Sources */ = {isa = PBXBuildFile; fileRef = 0964C3432596B06E0097A78F /* BlurView.swift */; };
		0964C3472596B57F0097A78F /* BottomSheet.swift in Sources */ = {isa = PBXBuildFile; fileRef = 0964C3462596B57F0097A78F /* BottomSheet.swift */; };
		0964C34A2596BA0E0097A78F /* CustomCorner.swift in Sources */ = {isa = PBXBuildFile; fileRef = 0964C3492596BA0E0097A78F /* CustomCorner.swift */; };
/* End PBXBuildFile section */

/* Begin PBXFileReference section */
		0964C31D259651770097A78F /* ComplexCurvesVPN.app */ = {isa = PBXFileReference; explicitFileType = wrapper.application; includeInIndex = 0; path = ComplexCurvesVPN.app; sourceTree = BUILT_PRODUCTS_DIR; };
		0964C320259651770097A78F /* ComplexCurvesVPNApp.swift */ = {isa = PBXFileReference; lastKnownFileType = sourcecode.swift; path = ComplexCurvesVPNApp.swift; sourceTree = "<group>"; };
		0964C322259651770097A78F /* ContentView.swift */ = {isa = PBXFileReference; lastKnownFileType = sourcecode.swift; path = ContentView.swift; sourceTree = "<group>"; };
		0964C324259651790097A78F /* Assets.xcassets */ = {isa = PBXFileReference; lastKnownFileType = folder.assetcatalog; path = Assets.xcassets; sourceTree = "<group>"; };
		0964C327259651790097A78F /* Preview Assets.xcassets */ = {isa = PBXFileReference; lastKnownFileType = folder.assetcatalog; path = "Preview Assets.xcassets"; sourceTree = "<group>"; };
		0964C329259651790097A78F /* Info.plist */ = {isa = PBXFileReference; lastKnownFileType = text.plist.xml; path = Info.plist; sourceTree = "<group>"; };
		0964C333259652940097A78F /* Home.swift */ = {isa = PBXFileReference; lastKnownFileType = sourcecode.swift; path = Home.swift; sourceTree = "<group>"; };
		0964C3372596A7A10097A78F /* CustomShape.swift */ = {isa = PBXFileReference; lastKnownFileType = sourcecode.swift; path = CustomShape.swift; sourceTree = "<group>"; };
		0964C33A2596AB8E0097A78F /* ServerViewModel.swift */ = {isa = PBXFileReference; lastKnownFileType = sourcecode.swift; path = ServerViewModel.swift; sourceTree = "<group>"; };
		0964C33D2596AC5D0097A78F /* Server.swift */ = {isa = PBXFileReference; lastKnownFileType = sourcecode.swift; path = Server.swift; sourceTree = "<group>"; };
		0964C3402596AF750097A78F /* CardView.swift */ = {isa = PBXFileReference; lastKnownFileType = sourcecode.swift; path = CardView.swift; sourceTree = "<group>"; };
		0964C3432596B06E0097A78F /* BlurView.swift */ = {isa = PBXFileReference; lastKnownFileType = sourcecode.swift; path = BlurView.swift; sourceTree = "<group>"; };
		0964C3462596B57F0097A78F /* BottomSheet.swift */ = {isa = PBXFileReference; lastKnownFileType = sourcecode.swift; path = BottomSheet.swift; sourceTree = "<group>"; };
		0964C3492596BA0E0097A78F /* CustomCorner.swift */ = {isa = PBXFileReference; lastKnownFileType = sourcecode.swift; path = CustomCorner.swift; sourceTree = "<group>"; };
/* End PBXFileReference section */

/* Begin PBXFrameworksBuildPhase section */
		0964C31A259651770097A78F /* Frameworks */ = {
			isa = PBXFrameworksBuildPhase;
			buildActionMask = 2147483647;
			files = (
			);
			runOnlyForDeploymentPostprocessing = 0;
		};
/* End PBXFrameworksBuildPhase section */

/* Begin PBXGroup section */
		0964C314259651770097A78F = {
			isa = PBXGroup;
			children = (
				0964C31F259651770097A78F /* ComplexCurvesVPN */,
				0964C31E259651770097A78F /* Products */,
			);
			sourceTree = "<group>";
		};
		0964C31E259651770097A78F /* Products */ = {
			isa = PBXGroup;
			children = (
				0964C31D259651770097A78F /* ComplexCurvesVPN.app */,
			);
			name = Products;
			sourceTree = "<group>";
		};
		0964C31F259651770097A78F /* ComplexCurvesVPN */ = {
			isa = PBXGroup;
			children = (
				0964C332259652000097A78F /* Model */,
				0964C331259651F70097A78F /* ViewModel */,
				0964C330259651F10097A78F /* View */,
				0964C320259651770097A78F /* ComplexCurvesVPNApp.swift */,
				0964C322259651770097A78F /* ContentView.swift */,
				0964C324259651790097A78F /* Assets.xcassets */,
				0964C329259651790097A78F /* Info.plist */,
				0964C326259651790097A78F /* Preview Content */,
			);
			path = ComplexCurvesVPN;
			sourceTree = "<group>";
		};
		0964C326259651790097A78F /* Preview Content */ = {
			isa = PBXGroup;
			children = (
				0964C327259651790097A78F /* Preview Assets.xcassets */,
			);
			path = "Preview Content";
			sourceTree = "<group>";
		};
		0964C330259651F10097A78F /* View */ = {
			isa = PBXGroup;
			children = (
				0964C333259652940097A78F /* Home.swift */,
				0964C3372596A7A10097A78F /* CustomShape.swift */,
				0964C3402596AF750097A78F /* CardView.swift */,
				0964C3432596B06E0097A78F /* BlurView.swift */,
				0964C3462596B57F0097A78F /* BottomSheet.swift */,
				0964C3492596BA0E0097A78F /* CustomCorner.swift */,
			);
			path = View;
			sourceTree = "<group>";
		};
		0964C331259651F70097A78F /* ViewModel */ = {
			isa = PBXGroup;
			children = (
				0964C33A2596AB8E0097A78F /* ServerViewModel.swift */,
			);
			path = ViewModel;
			sourceTree = "<group>";
		};
		0964C332259652000097A78F /* Model */ = {
			isa = PBXGroup;
			children = (
				0964C33D2596AC5D0097A78F /* Server.swift */,
			);
			path = Model;
			sourceTree = "<group>";
		};
/* End PBXGroup section */

/* Begin PBXNativeTarget section */
		0964C31C259651770097A78F /* ComplexCurvesVPN */ = {
			isa = PBXNativeTarget;
			buildConfigurationList = 0964C32C259651790097A78F /* Build configuration list for PBXNativeTarget "ComplexCurvesVPN" */;
			buildPhases = (
				0964C319259651770097A78F /* Sources */,
				0964C31A259651770097A78F /* Frameworks */,
				0964C31B259651770097A78F /* Resources */,
			);
			buildRules = (
			);
			dependencies = (
			);
			name = ComplexCurvesVPN;
			productName = ComplexCurvesVPN;
			productReference = 0964C31D259651770097A78F /* ComplexCurvesVPN.app */;
			productType = "com.apple.product-type.application";
		};
/* End PBXNativeTarget section */

/* Begin PBXProject section */
		0964C315259651770097A78F /* Project object */ = {
			isa = PBXProject;
			attributes = {
				LastSwiftUpdateCheck = 1220;
				LastUpgradeCheck = 1220;
				TargetAttributes = {
					0964C31C259651770097A78F = {
						CreatedOnToolsVersion = 12.2;
					};
				};
			};
			buildConfigurationList = 0964C318259651770097A78F /* Build configuration list for PBXProject "ComplexCurvesVPN" */;
			compatibilityVersion = "Xcode 9.3";
			developmentRegion = en;
			hasScannedForEncodings = 0;
			knownRegions = (
				en,
				Base,
			);
			mainGroup = 0964C314259651770097A78F;
			productRefGroup = 0964C31E259651770097A78F /* Products */;
			projectDirPath = "";
			projectRoot = "";
			targets = (
				0964C31C259651770097A78F /* ComplexCurvesVPN */,
			);
		};
/* End PBXProject section */

/* Begin PBXResourcesBuildPhase section */
		0964C31B259651770097A78F /* Resources */ = {
			isa = PBXResourcesBuildPhase;
			buildActionMask = 2147483647;
			files = (
				0964C328259651790097A78F /* Preview Assets.xcassets in Resources */,
				0964C325259651790097A78F /* Assets.xcassets in Resources */,
			);
			runOnlyForDeploymentPostprocessing = 0;
		};
/* End PBXResourcesBuildPhase section */

/* Begin PBXSourcesBuildPhase section */
		0964C319259651770097A78F /* Sources */ = {
			isa = PBXSourcesBuildPhase;
			buildActionMask = 2147483647;
			files = (
				0964C3412596AF750097A78F /* CardView.swift in Sources */,
				0964C34A2596BA0E0097A78F /* CustomCorner.swift in Sources */,
				0964C3472596B57F0097A78F /* BottomSheet.swift in Sources */,
				0964C3442596B06E0097A78F /* BlurView.swift in Sources */,
				0964C3382596A7A10097A78F /* CustomShape.swift in Sources */,
				0964C323259651770097A78F /* ContentView.swift in Sources */,
				0964C334259652940097A78F /* Home.swift in Sources */,
				0964C33B2596AB8E0097A78F /* ServerViewModel.swift in Sources */,
				0964C33E2596AC5D0097A78F /* Server.swift in Sources */,
				0964C321259651770097A78F /* ComplexCurvesVPNApp.swift in Sources */,
			);
			runOnlyForDeploymentPostprocessing = 0;
		};
/* End PBXSourcesBuildPhase section */

/* Begin XCBuildConfiguration section */
		0964C32A259651790097A78F /* Debug */ = {
			isa = XCBuildConfiguration;
			buildSettings = {
				ALWAYS_SEARCH_USER_PATHS = NO;
				CLANG_ANALYZER_NONNULL = YES;
				CLANG_ANALYZER_NUMBER_OBJECT_CONVERSION = YES_AGGRESSIVE;
				CLANG_CXX_LANGUAGE_STANDARD = "gnu++14";
				CLANG_CXX_LIBRARY = "libc++";
				CLANG_ENABLE_MODULES = YES;
				CLANG_ENABLE_OBJC_ARC = YES;
				CLANG_ENABLE_OBJC_WEAK = YES;
				CLANG_WARN_BLOCK_CAPTURE_AUTORELEASING = YES;
				CLANG_WARN_BOOL_CONVERSION = YES;
				CLANG_WARN_COMMA = YES;
				CLANG_WARN_CONSTANT_CONVERSION = YES;
				CLANG_WARN_DEPRECATED_OBJC_IMPLEMENTATIONS = YES;
				CLANG_WARN_DIRECT_OBJC_ISA_USAGE = YES_ERROR;
				CLANG_WARN_DOCUMENTATION_COMMENTS = YES;
				CLANG_WARN_EMPTY_BODY = YES;
				CLANG_WARN_ENUM_CONVERSION = YES;
				CLANG_WARN_INFINITE_RECURSION = YES;
				CLANG_WARN_INT_CONVERSION = YES;
				CLANG_WARN_NON_LITERAL_NULL_CONVERSION = YES;
				CLANG_WARN_OBJC_IMPLICIT_RETAIN_SELF = YES;
				CLANG_WARN_OBJC_LITERAL_CONVERSION = YES;
				CLANG_WARN_OBJC_ROOT_CLASS = YES_ERROR;
				CLANG_WARN_QUOTED_INCLUDE_IN_FRAMEWORK_HEADER = YES;
				CLANG_WARN_RANGE_LOOP_ANALYSIS = YES;
				CLANG_WARN_STRICT_PROTOTYPES = YES;
				CLANG_WARN_SUSPICIOUS_MOVE = YES;
				CLANG_WARN_UNGUARDED_AVAILABILITY = YES_AGGRESSIVE;
				CLANG_WARN_UNREACHABLE_CODE = YES;
				CLANG_WARN__DUPLICATE_METHOD_MATCH = YES;
				COPY_PHASE_STRIP = NO;
				DEBUG_INFORMATION_FORMAT = dwarf;
				ENABLE_STRICT_OBJC_MSGSEND = YES;
				ENABLE_TESTABILITY = YES;
				GCC_C_LANGUAGE_STANDARD = gnu11;
				GCC_DYNAMIC_NO_PIC = NO;
				GCC_NO_COMMON_BLOCKS = YES;
				GCC_OPTIMIZATION_LEVEL = 0;
				GCC_PREPROCESSOR_DEFINITIONS = (
					"DEBUG=1",
					"$(inherited)",
				);
				GCC_WARN_64_TO_32_BIT_CONVERSION = YES;
				GCC_WARN_ABOUT_RETURN_TYPE = YES_ERROR;
				GCC_WARN_UNDECLARED_SELECTOR = YES;
				GCC_WARN_UNINITIALIZED_AUTOS = YES_AGGRESSIVE;
				GCC_WARN_UNUSED_FUNCTION = YES;
				GCC_WARN_UNUSED_VARIABLE = YES;
				IPHONEOS_DEPLOYMENT_TARGET = 14.2;
				MTL_ENABLE_DEBUG_INFO = INCLUDE_SOURCE;
				MTL_FAST_MATH = YES;
				ONLY_ACTIVE_ARCH = YES;
				SDKROOT = iphoneos;
				SWIFT_ACTIVE_COMPILATION_CONDITIONS = DEBUG;
				SWIFT_OPTIMIZATION_LEVEL = "-Onone";
			};
			name = Debug;
		};
		0964C32B259651790097A78F /* Release */ = {
			isa = XCBuildConfiguration;
			buildSettings = {
				ALWAYS_SEARCH_USER_PATHS = NO;
				CLANG_ANALYZER_NONNULL = YES;
				CLANG_ANALYZER_NUMBER_OBJECT_CONVERSION = YES_AGGRESSIVE;
				CLANG_CXX_LANGUAGE_STANDARD = "gnu++14";
				CLANG_CXX_LIBRARY = "libc++";
				CLANG_ENABLE_MODULES = YES;
				CLANG_ENABLE_OBJC_ARC = YES;
				CLANG_ENABLE_OBJC_WEAK = YES;
				CLANG_WARN_BLOCK_CAPTURE_AUTORELEASING = YES;
				CLANG_WARN_BOOL_CONVERSION = YES;
				CLANG_WARN_COMMA = YES;
				CLANG_WARN_CONSTANT_CONVERSION = YES;
				CLANG_WARN_DEPRECATED_OBJC_IMPLEMENTATIONS = YES;
				CLANG_WARN_DIRECT_OBJC_ISA_USAGE = YES_ERROR;
				CLANG_WARN_DOCUMENTATION_COMMENTS = YES;
				CLANG_WARN_EMPTY_BODY = YES;
				CLANG_WARN_ENUM_CONVERSION = YES;
				CLANG_WARN_INFINITE_RECURSION = YES;
				CLANG_WARN_INT_CONVERSION = YES;
				CLANG_WARN_NON_LITERAL_NULL_CONVERSION = YES;
				CLANG_WARN_OBJC_IMPLICIT_RETAIN_SELF = YES;
				CLANG_WARN_OBJC_LITERAL_CONVERSION = YES;
				CLANG_WARN_OBJC_ROOT_CLASS = YES_ERROR;
				CLANG_WARN_QUOTED_INCLUDE_IN_FRAMEWORK_HEADER = YES;
				CLANG_WARN_RANGE_LOOP_ANALYSIS = YES;
				CLANG_WARN_STRICT_PROTOTYPES = YES;
				CLANG_WARN_SUSPICIOUS_MOVE = YES;
				CLANG_WARN_UNGUARDED_AVAILABILITY = YES_AGGRESSIVE;
				CLANG_WARN_UNREACHABLE_CODE = YES;
				CLANG_WARN__DUPLICATE_METHOD_MATCH = YES;
				COPY_PHASE_STRIP = NO;
				DEBUG_INFORMATION_FORMAT = "dwarf-with-dsym";
				ENABLE_NS_ASSERTIONS = NO;
				ENABLE_STRICT_OBJC_MSGSEND = YES;
				GCC_C_LANGUAGE_STANDARD = gnu11;
				GCC_NO_COMMON_BLOCKS = YES;
				GCC_WARN_64_TO_32_BIT_CONVERSION = YES;
				GCC_WARN_ABOUT_RETURN_TYPE = YES_ERROR;
				GCC_WARN_UNDECLARED_SELECTOR = YES;
				GCC_WARN_UNINITIALIZED_AUTOS = YES_AGGRESSIVE;
				GCC_WARN_UNUSED_FUNCTION = YES;
				GCC_WARN_UNUSED_VARIABLE = YES;
				IPHONEOS_DEPLOYMENT_TARGET = 14.2;
				MTL_ENABLE_DEBUG_INFO = NO;
				MTL_FAST_MATH = YES;
				SDKROOT = iphoneos;
				SWIFT_COMPILATION_MODE = wholemodule;
				SWIFT_OPTIMIZATION_LEVEL = "-O";
				VALIDATE_PRODUCT = YES;
			};
			name = Release;
		};
		0964C32D259651790097A78F /* Debug */ = {
			isa = XCBuildConfiguration;
			buildSettings = {
				ASSETCATALOG_COMPILER_APPICON_NAME = AppIcon;
				ASSETCATALOG_COMPILER_GLOBAL_ACCENT_COLOR_NAME = AccentColor;
				CODE_SIGN_STYLE = Automatic;
				DEVELOPMENT_ASSET_PATHS = "\"ComplexCurvesVPN/Preview Content\"";
				DEVELOPMENT_TEAM = XC48HTB69A;
				ENABLE_PREVIEWS = YES;
				INFOPLIST_FILE = ComplexCurvesVPN/Info.plist;
				IPHONEOS_DEPLOYMENT_TARGET = 14.0;
				LD_RUNPATH_SEARCH_PATHS = (
					"$(inherited)",
					"@executable_path/Frameworks",
				);
				PRODUCT_BUNDLE_IDENTIFIER = com.RJHrabowskie.ComplexCurvesVPN;
				PRODUCT_NAME = "$(TARGET_NAME)";
				SWIFT_VERSION = 5.0;
				TARGETED_DEVICE_FAMILY = "1,2";
			};
			name = Debug;
		};
		0964C32E259651790097A78F /* Release */ = {
			isa = XCBuildConfiguration;
			buildSettings = {
				ASSETCATALOG_COMPILER_APPICON_NAME = AppIcon;
				ASSETCATALOG_COMPILER_GLOBAL_ACCENT_COLOR_NAME = AccentColor;
				CODE_SIGN_STYLE = Automatic;
				DEVELOPMENT_ASSET_PATHS = "\"ComplexCurvesVPN/Preview Content\"";
				DEVELOPMENT_TEAM = XC48HTB69A;
				ENABLE_PREVIEWS = YES;
				INFOPLIST_FILE = ComplexCurvesVPN/Info.plist;
				IPHONEOS_DEPLOYMENT_TARGET = 14.0;
				LD_RUNPATH_SEARCH_PATHS = (
					"$(inherited)",
					"@executable_path/Frameworks",
				);
				PRODUCT_BUNDLE_IDENTIFIER = com.RJHrabowskie.ComplexCurvesVPN;
				PRODUCT_NAME = "$(TARGET_NAME)";
				SWIFT_VERSION = 5.0;
				TARGETED_DEVICE_FAMILY = "1,2";
			};
			name = Release;
		};
/* End XCBuildConfiguration section */

/* Begin XCConfigurationList section */
		0964C318259651770097A78F /* Build configuration list for PBXProject "ComplexCurvesVPN" */ = {
			isa = XCConfigurationList;
			buildConfigurations = (
				0964C32A259651790097A78F /* Debug */,
				0964C32B259651790097A78F /* Release */,
			);
			defaultConfigurationIsVisible = 0;
			defaultConfigurationName = Release;
		};
		0964C32C259651790097A78F /* Build configuration list for PBXNativeTarget "ComplexCurvesVPN" */ = {
			isa = XCConfigurationList;
			buildConfigurations = (
				0964C32D259651790097A78F /* Debug */,
				0964C32E259651790097A78F /* Release */,
			);
			defaultConfigurationIsVisible = 0;
			defaultConfigurationName = Release;
		};
/* End XCConfigurationList section */
	};
	rootObject = 0964C315259651770097A78F /* Project object */;
}
